
Microsoft Visual Studio Solution File, Format Version 12.00
# Visual Studio 15
Project("{FAE04EC0-301F-11D3-BF4B-00C04F79EFBC}") = "penis.net", "penis.net\penis.net.csproj", "{45EB19CF-7EE5-4586-ADF0-A357BDA258FE}"
EndProject
Global
	GlobalSection(SolutionConfigurationPlatforms) = preSolution
		Debug|anycpu = Debug|anycpu
		Release|anycpu = Release|anycpu
	EndGlobalSection
	GlobalSection(ProjectConfigurationPlatforms) = postSolution
		{45EB19CF-7EE5-4586-ADF0-A357BDA258FE}.Debug|anycpu.ActiveCfg = Debug|anycpu
		{45EB19CF-7EE5-4586-ADF0-A357BDA258FE}.Debug|anycpu.Build.0 = Debug|anycpu
		{45EB19CF-7EE5-4586-ADF0-A357BDA258FE}.Release|anycpu.ActiveCfg = Release|anycpu
		{45EB19CF-7EE5-4586-ADF0-A357BDA258FE}.Release|anycpu.Build.0 = Release|anycpu
	EndGlobalSection
EndGlobal
